
Microsoft Visual Studio Solution File, Format Version 12.00
# Visual Studio 2013
VisualStudioVersion = 12.0.30501.0
MinimumVisualStudioVersion = 10.0.40219.1
Project("{FAE04EC0-301F-11D3-BF4B-00C04F79EFBC}") = "lasl321.simpleinjector", "lasl321.simpleinjector\lasl321.simpleinjector.csproj", "{126647BF-7DC7-4272-8B26-0087226842A3}"
EndProject
Project("{FAE04EC0-301F-11D3-BF4B-00C04F79EFBC}") = "lasl321.simpleinjector.test", "lasl321.simpleinjector.test\lasl321.simpleinjector.test.csproj", "{CBCFF68E-3F95-4883-A74E-D04DF584CCFD}"
EndProject
Global
	GlobalSection(SolutionConfigurationPlatforms) = preSolution
		Debug|Any CPU = Debug|Any CPU
		Release|Any CPU = Release|Any CPU
	EndGlobalSection
	GlobalSection(ProjectConfigurationPlatforms) = postSolution
		{126647BF-7DC7-4272-8B26-0087226842A3}.Debug|Any CPU.ActiveCfg = Debug|Any CPU
		{126647BF-7DC7-4272-8B26-0087226842A3}.Debug|Any CPU.Build.0 = Debug|Any CPU
		{126647BF-7DC7-4272-8B26-0087226842A3}.Release|Any CPU.ActiveCfg = Release|Any CPU
		{126647BF-7DC7-4272-8B26-0087226842A3}.Release|Any CPU.Build.0 = Release|Any CPU
		{CBCFF68E-3F95-4883-A74E-D04DF584CCFD}.Debug|Any CPU.ActiveCfg = Debug|Any CPU
		{CBCFF68E-3F95-4883-A74E-D04DF584CCFD}.Debug|Any CPU.Build.0 = Debug|Any CPU
		{CBCFF68E-3F95-4883-A74E-D04DF584CCFD}.Release|Any CPU.ActiveCfg = Release|Any CPU
		{CBCFF68E-3F95-4883-A74E-D04DF584CCFD}.Release|Any CPU.Build.0 = Release|Any CPU
	EndGlobalSection
	GlobalSection(SolutionProperties) = preSolution
		HideSolutionNode = FALSE
	EndGlobalSection
EndGlobal
